
Microsoft Visual Studio Solution File, Format Version 12.00
# Visual Studio Version 16
VisualStudioVersion = 16.0.31424.327
MinimumVisualStudioVersion = 10.0.40219.1
Project("{9A19103F-16F7-4668-BE54-9A1E7A4F7556}") = "PdIWTA", "PdIWTA.csproj", "{5B566228-C17D-4FBC-B517-52938E7CC290}"
EndProject
Global
	GlobalSection(SolutionConfigurationPlatforms) = preSolution
		Debug|Any CPU = Debug|Any CPU
		Release|Any CPU = Release|Any CPU
	EndGlobalSection
	GlobalSection(ProjectConfigurationPlatforms) = postSolution
		{5B566228-C17D-4FBC-B517-52938E7CC290}.Debug|Any CPU.ActiveCfg = Debug|Any CPU
		{5B566228-C17D-4FBC-B517-52938E7CC290}.Debug|Any CPU.Build.0 = Debug|Any CPU
		{5B566228-C17D-4FBC-B517-52938E7CC290}.Release|Any CPU.ActiveCfg = Release|Any CPU
		{5B566228-C17D-4FBC-B517-52938E7CC290}.Release|Any CPU.Build.0 = Release|Any CPU
	EndGlobalSection
	GlobalSection(SolutionProperties) = preSolution
		HideSolutionNode = FALSE
	EndGlobalSection
	GlobalSection(ExtensibilityGlobals) = postSolution
		SolutionGuid = {F8928C59-FF39-4968-99FE-F96936B9D91E}
	EndGlobalSection
EndGlobal
